hash: f5574d6cde1db0b0c8cf27c45f1a96b3476428738f0ebc5e4712eeaeb72a9539
updated: 2016-08-25T20:08:46.54442+02:00
imports:
- name: github.com/bborbe/flagenv
  version: 0977949b20c82a7cad254644637f29c72205d61d
- name: github.com/bborbe/http
  version: 1a08a16fd2cc75228b32afadd7126f7372cb4780
  subpackages:
  - client_builder
  - redirect_follower
- name: github.com/bborbe/io
  version: a92503d8d6377ff0e8b24ad2007cc83546a50817
  subpackages:
  - util
  - buffered_writer
- name: github.com/bborbe/lock
  version: f08ace69ccaf320a13d6bd6db3f8a67154d3e747
- name: github.com/bborbe/log
  version: 0250bb5b2e2bd833cb9a47333c28aa46751cdbfe
- name: github.com/bborbe/mailer
  version: 0aecfb4a614216f4049b9fca87873680f9bf1469
  subpackages:
  - config
  - message
- name: github.com/bborbe/webdriver
  version: dfc4269cadfe0021c7084e16d023ea5a94ba73f9
testImports:
- name: github.com/bborbe/assert
  version: f767bd2fffab5a86d5a887e2415d399e8aade8bf
