hash: c077cf3aa756ebd0a292a2aa971df2499ec104c0889d18838d167a278a93d310
updated: 2016-11-23T16:14:30.000704471+01:00
imports:
- name: github.com/bborbe/cron
  version: 7cda28ee402a1a7a1214a7c6e44baabce8622133
- name: github.com/bborbe/flagenv
  version: 96aab95bb1341e7a7ccf9160e49792e2ad3b0e08
- name: github.com/bborbe/http
  version: 4294467f3ee8720ff3fd0d0b5d3424010f09cccd
  subpackages:
  - client_builder
  - redirect_follower
- name: github.com/bborbe/io
  version: a11fbd04dece7d16d80e69884526dafdea697648
  subpackages:
  - util
- name: github.com/bborbe/lock
  version: 60ec8797970f7e68875b5ae0889e36ebda5403de
- name: github.com/bborbe/mailer
  version: 711d067c50554e55ad59c1f2da0fa9d356a710b5
  subpackages:
  - config
  - message
- name: github.com/bborbe/webdriver
  version: b92714fce67349b5ddeb42da8c9a6b0710b0ff96
- name: github.com/golang/glog
  version: 23def4e6c14b4da8ac2ed8007337bc5eb5007998
testImports:
- name: github.com/bborbe/assert
  version: d2b3a7c4c731ac8cc63c6f5a1ea7d401e7547d42
